
Microsoft Visual Studio Solution File, Format Version 12.00
# Visual Studio Version 16
VisualStudioVersion = 16.0.30907.101
MinimumVisualStudioVersion = 15.0.26124.0
Project("{9A19103F-16F7-4668-BE54-9A1E7A4F7556}") = "Basics", "Basics\Basics.csproj", "{CA26E7A0-4AA9-4F53-8F60-A3718202B7B8}"
EndProject
Project("{9A19103F-16F7-4668-BE54-9A1E7A4F7556}") = "IdentityDemo", "IdentityDemo\IdentityDemo.csproj", "{87787941-C568-4D5C-8B08-9CD47B385DC9}"
EndProject
Project("{2150E333-8FDC-42A3-9474-1A3956D46DE8}") = "Basic", "Basic", "{00DB32A1-7F5E-443E-9126-D58EDBDAF309}"
EndProject
Project("{2150E333-8FDC-42A3-9474-1A3956D46DE8}") = "OAuth", "OAuth", "{52EA0329-E76C-4A30-8480-C25DA787D9AA}"
EndProject
Project("{9A19103F-16F7-4668-BE54-9A1E7A4F7556}") = "Server", "Server\Server.csproj", "{43D354AC-1513-448B-B2F3-136D0F11BFE1}"
EndProject
Project("{9A19103F-16F7-4668-BE54-9A1E7A4F7556}") = "Client", "Client\Client.csproj", "{6270E058-66D3-48BB-A51A-0117D8E0CB68}"
EndProject
Project("{9A19103F-16F7-4668-BE54-9A1E7A4F7556}") = "Api", "Api\Api.csproj", "{97669D9E-343B-4ED8-9297-73504D4F389D}"
EndProject
Project("{2150E333-8FDC-42A3-9474-1A3956D46DE8}") = "IdentityServer4", "IdentityServer4", "{58D353B3-9905-4AED-ADC1-34B96997EF7F}"
EndProject
Project("{FAE04EC0-301F-11D3-BF4B-00C04F79EFBC}") = "IdentityServer", "IdentityServer\IdentityServer.csproj", "{D430311D-033D-41EA-85A7-1149CF19E88A}"
EndProject
Project("{FAE04EC0-301F-11D3-BF4B-00C04F79EFBC}") = "ApiOne", "ApiOne\ApiOne.csproj", "{C901A763-1A70-4C90-9C6C-BA5A31F22C79}"
EndProject
Project("{FAE04EC0-301F-11D3-BF4B-00C04F79EFBC}") = "ApiTwo", "ApiTwo\ApiTwo.csproj", "{AE190E58-BA40-4130-B380-B119B00E9C1D}"
EndProject
Global
	GlobalSection(SolutionConfigurationPlatforms) = preSolution
		Debug|Any CPU = Debug|Any CPU
		Debug|x64 = Debug|x64
		Debug|x86 = Debug|x86
		Release|Any CPU = Release|Any CPU
		Release|x64 = Release|x64
		Release|x86 = Release|x86
	EndGlobalSection
	GlobalSection(ProjectConfigurationPlatforms) = postSolution
		{CA26E7A0-4AA9-4F53-8F60-A3718202B7B8}.Debug|Any CPU.ActiveCfg = Debug|Any CPU
		{CA26E7A0-4AA9-4F53-8F60-A3718202B7B8}.Debug|Any CPU.Build.0 = Debug|Any CPU
		{CA26E7A0-4AA9-4F53-8F60-A3718202B7B8}.Debug|x64.ActiveCfg = Debug|Any CPU
		{CA26E7A0-4AA9-4F53-8F60-A3718202B7B8}.Debug|x64.Build.0 = Debug|Any CPU
		{CA26E7A0-4AA9-4F53-8F60-A3718202B7B8}.Debug|x86.ActiveCfg = Debug|Any CPU
		{CA26E7A0-4AA9-4F53-8F60-A3718202B7B8}.Debug|x86.Build.0 = Debug|Any CPU
		{CA26E7A0-4AA9-4F53-8F60-A3718202B7B8}.Release|Any CPU.ActiveCfg = Release|Any CPU
		{CA26E7A0-4AA9-4F53-8F60-A3718202B7B8}.Release|Any CPU.Build.0 = Release|Any CPU
		{CA26E7A0-4AA9-4F53-8F60-A3718202B7B8}.Release|x64.ActiveCfg = Release|Any CPU
		{CA26E7A0-4AA9-4F53-8F60-A3718202B7B8}.Release|x64.Build.0 = Release|Any CPU
		{CA26E7A0-4AA9-4F53-8F60-A3718202B7B8}.Release|x86.ActiveCfg = Release|Any CPU
		{CA26E7A0-4AA9-4F53-8F60-A3718202B7B8}.Release|x86.Build.0 = Release|Any CPU
		{87787941-C568-4D5C-8B08-9CD47B385DC9}.Debug|Any CPU.ActiveCfg = Debug|Any CPU
		{87787941-C568-4D5C-8B08-9CD47B385DC9}.Debug|Any CPU.Build.0 = Debug|Any CPU
		{87787941-C568-4D5C-8B08-9CD47B385DC9}.Debug|x64.ActiveCfg = Debug|Any CPU
		{87787941-C568-4D5C-8B08-9CD47B385DC9}.Debug|x64.Build.0 = Debug|Any CPU
		{87787941-C568-4D5C-8B08-9CD47B385DC9}.Debug|x86.ActiveCfg = Debug|Any CPU
		{87787941-C568-4D5C-8B08-9CD47B385DC9}.Debug|x86.Build.0 = Debug|Any CPU
		{87787941-C568-4D5C-8B08-9CD47B385DC9}.Release|Any CPU.ActiveCfg = Release|Any CPU
		{87787941-C568-4D5C-8B08-9CD47B385DC9}.Release|Any CPU.Build.0 = Release|Any CPU
		{87787941-C568-4D5C-8B08-9CD47B385DC9}.Release|x64.ActiveCfg = Release|Any CPU
		{87787941-C568-4D5C-8B08-9CD47B385DC9}.Release|x64.Build.0 = Release|Any CPU
		{87787941-C568-4D5C-8B08-9CD47B385DC9}.Release|x86.ActiveCfg = Release|Any CPU
		{87787941-C568-4D5C-8B08-9CD47B385DC9}.Release|x86.Build.0 = Release|Any CPU
		{43D354AC-1513-448B-B2F3-136D0F11BFE1}.Debug|Any CPU.ActiveCfg = Debug|Any CPU
		{43D354AC-1513-448B-B2F3-136D0F11BFE1}.Debug|Any CPU.Build.0 = Debug|Any CPU
		{43D354AC-1513-448B-B2F3-136D0F11BFE1}.Debug|x64.ActiveCfg = Debug|Any CPU
		{43D354AC-1513-448B-B2F3-136D0F11BFE1}.Debug|x64.Build.0 = Debug|Any CPU
		{43D354AC-1513-448B-B2F3-136D0F11BFE1}.Debug|x86.ActiveCfg = Debug|Any CPU
		{43D354AC-1513-448B-B2F3-136D0F11BFE1}.Debug|x86.Build.0 = Debug|Any CPU
		{43D354AC-1513-448B-B2F3-136D0F11BFE1}.Release|Any CPU.ActiveCfg = Release|Any CPU
		{43D354AC-1513-448B-B2F3-136D0F11BFE1}.Release|Any CPU.Build.0 = Release|Any CPU
		{43D354AC-1513-448B-B2F3-136D0F11BFE1}.Release|x64.ActiveCfg = Release|Any CPU
		{43D354AC-1513-448B-B2F3-136D0F11BFE1}.Release|x64.Build.0 = Release|Any CPU
		{43D354AC-1513-448B-B2F3-136D0F11BFE1}.Release|x86.ActiveCfg = Release|Any CPU
		{43D354AC-1513-448B-B2F3-136D0F11BFE1}.Release|x86.Build.0 = Release|Any CPU
		{6270E058-66D3-48BB-A51A-0117D8E0CB68}.Debug|Any CPU.ActiveCfg = Debug|Any CPU
		{6270E058-66D3-48BB-A51A-0117D8E0CB68}.Debug|Any CPU.Build.0 = Debug|Any CPU
		{6270E058-66D3-48BB-A51A-0117D8E0CB68}.Debug|x64.ActiveCfg = Debug|Any CPU
		{6270E058-66D3-48BB-A51A-0117D8E0CB68}.Debug|x64.Build.0 = Debug|Any CPU
		{6270E058-66D3-48BB-A51A-0117D8E0CB68}.Debug|x86.ActiveCfg = Debug|Any CPU
		{6270E058-66D3-48BB-A51A-0117D8E0CB68}.Debug|x86.Build.0 = Debug|Any CPU
		{6270E058-66D3-48BB-A51A-0117D8E0CB68}.Release|Any CPU.ActiveCfg = Release|Any CPU
		{6270E058-66D3-48BB-A51A-0117D8E0CB68}.Release|Any CPU.Build.0 = Release|Any CPU
		{6270E058-66D3-48BB-A51A-0117D8E0CB68}.Release|x64.ActiveCfg = Release|Any CPU
		{6270E058-66D3-48BB-A51A-0117D8E0CB68}.Release|x64.Build.0 = Release|Any CPU
		{6270E058-66D3-48BB-A51A-0117D8E0CB68}.Release|x86.ActiveCfg = Release|Any CPU
		{6270E058-66D3-48BB-A51A-0117D8E0CB68}.Release|x86.Build.0 = Release|Any CPU
		{97669D9E-343B-4ED8-9297-73504D4F389D}.Debug|Any CPU.ActiveCfg = Debug|Any CPU
		{97669D9E-343B-4ED8-9297-73504D4F389D}.Debug|Any CPU.Build.0 = Debug|Any CPU
		{97669D9E-343B-4ED8-9297-73504D4F389D}.Debug|x64.ActiveCfg = Debug|Any CPU
		{97669D9E-343B-4ED8-9297-73504D4F389D}.Debug|x64.Build.0 = Debug|Any CPU
		{97669D9E-343B-4ED8-9297-73504D4F389D}.Debug|x86.ActiveCfg = Debug|Any CPU
		{97669D9E-343B-4ED8-9297-73504D4F389D}.Debug|x86.Build.0 = Debug|Any CPU
		{97669D9E-343B-4ED8-9297-73504D4F389D}.Release|Any CPU.ActiveCfg = Release|Any CPU
		{97669D9E-343B-4ED8-9297-73504D4F389D}.Release|Any CPU.Build.0 = Release|Any CPU
		{97669D9E-343B-4ED8-9297-73504D4F389D}.Release|x64.ActiveCfg = Release|Any CPU
		{97669D9E-343B-4ED8-9297-73504D4F389D}.Release|x64.Build.0 = Release|Any CPU
		{97669D9E-343B-4ED8-9297-73504D4F389D}.Release|x86.ActiveCfg = Release|Any CPU
		{97669D9E-343B-4ED8-9297-73504D4F389D}.Release|x86.Build.0 = Release|Any CPU
		{D430311D-033D-41EA-85A7-1149CF19E88A}.Debug|Any CPU.ActiveCfg = Debug|Any CPU
		{D430311D-033D-41EA-85A7-1149CF19E88A}.Debug|Any CPU.Build.0 = Debug|Any CPU
		{D430311D-033D-41EA-85A7-1149CF19E88A}.Debug|x64.ActiveCfg = Debug|Any CPU
		{D430311D-033D-41EA-85A7-1149CF19E88A}.Debug|x64.Build.0 = Debug|Any CPU
		{D430311D-033D-41EA-85A7-1149CF19E88A}.Debug|x86.ActiveCfg = Debug|Any CPU
		{D430311D-033D-41EA-85A7-1149CF19E88A}.Debug|x86.Build.0 = Debug|Any CPU
		{D430311D-033D-41EA-85A7-1149CF19E88A}.Release|Any CPU.ActiveCfg = Release|Any CPU
		{D430311D-033D-41EA-85A7-1149CF19E88A}.Release|Any CPU.Build.0 = Release|Any CPU
		{D430311D-033D-41EA-85A7-1149CF19E88A}.Release|x64.ActiveCfg = Release|Any CPU
		{D430311D-033D-41EA-85A7-1149CF19E88A}.Release|x64.Build.0 = Release|Any CPU
		{D430311D-033D-41EA-85A7-1149CF19E88A}.Release|x86.ActiveCfg = Release|Any CPU
		{D430311D-033D-41EA-85A7-1149CF19E88A}.Release|x86.Build.0 = Release|Any CPU
		{C901A763-1A70-4C90-9C6C-BA5A31F22C79}.Debug|Any CPU.ActiveCfg = Debug|Any CPU
		{C901A763-1A70-4C90-9C6C-BA5A31F22C79}.Debug|Any CPU.Build.0 = Debug|Any CPU
		{C901A763-1A70-4C90-9C6C-BA5A31F22C79}.Debug|x64.ActiveCfg = Debug|Any CPU
		{C901A763-1A70-4C90-9C6C-BA5A31F22C79}.Debug|x64.Build.0 = Debug|Any CPU
		{C901A763-1A70-4C90-9C6C-BA5A31F22C79}.Debug|x86.ActiveCfg = Debug|Any CPU
		{C901A763-1A70-4C90-9C6C-BA5A31F22C79}.Debug|x86.Build.0 = Debug|Any CPU
		{C901A763-1A70-4C90-9C6C-BA5A31F22C79}.Release|Any CPU.ActiveCfg = Release|Any CPU
		{C901A763-1A70-4C90-9C6C-BA5A31F22C79}.Release|Any CPU.Build.0 = Release|Any CPU
		{C901A763-1A70-4C90-9C6C-BA5A31F22C79}.Release|x64.ActiveCfg = Release|Any CPU
		{C901A763-1A70-4C90-9C6C-BA5A31F22C79}.Release|x64.Build.0 = Release|Any CPU
		{C901A763-1A70-4C90-9C6C-BA5A31F22C79}.Release|x86.ActiveCfg = Release|Any CPU
		{C901A763-1A70-4C90-9C6C-BA5A31F22C79}.Release|x86.Build.0 = Release|Any CPU
		{AE190E58-BA40-4130-B380-B119B00E9C1D}.Debug|Any CPU.ActiveCfg = Debug|Any CPU
		{AE190E58-BA40-4130-B380-B119B00E9C1D}.Debug|Any CPU.Build.0 = Debug|Any CPU
		{AE190E58-BA40-4130-B380-B119B00E9C1D}.Debug|x64.ActiveCfg = Debug|Any CPU
		{AE190E58-BA40-4130-B380-B119B00E9C1D}.Debug|x64.Build.0 = Debug|Any CPU
		{AE190E58-BA40-4130-B380-B119B00E9C1D}.Debug|x86.ActiveCfg = Debug|Any CPU
		{AE190E58-BA40-4130-B380-B119B00E9C1D}.Debug|x86.Build.0 = Debug|Any CPU
		{AE190E58-BA40-4130-B380-B119B00E9C1D}.Release|Any CPU.ActiveCfg = Release|Any CPU
		{AE190E58-BA40-4130-B380-B119B00E9C1D}.Release|Any CPU.Build.0 = Release|Any CPU
		{AE190E58-BA40-4130-B380-B119B00E9C1D}.Release|x64.ActiveCfg = Release|Any CPU
		{AE190E58-BA40-4130-B380-B119B00E9C1D}.Release|x64.Build.0 = Release|Any CPU
		{AE190E58-BA40-4130-B380-B119B00E9C1D}.Release|x86.ActiveCfg = Release|Any CPU
		{AE190E58-BA40-4130-B380-B119B00E9C1D}.Release|x86.Build.0 = Release|Any CPU
	EndGlobalSection
	GlobalSection(SolutionProperties) = preSolution
		HideSolutionNode = FALSE
	EndGlobalSection
	GlobalSection(NestedProjects) = preSolution
		{CA26E7A0-4AA9-4F53-8F60-A3718202B7B8} = {00DB32A1-7F5E-443E-9126-D58EDBDAF309}
		{87787941-C568-4D5C-8B08-9CD47B385DC9} = {00DB32A1-7F5E-443E-9126-D58EDBDAF309}
		{43D354AC-1513-448B-B2F3-136D0F11BFE1} = {52EA0329-E76C-4A30-8480-C25DA787D9AA}
		{6270E058-66D3-48BB-A51A-0117D8E0CB68} = {52EA0329-E76C-4A30-8480-C25DA787D9AA}
		{97669D9E-343B-4ED8-9297-73504D4F389D} = {52EA0329-E76C-4A30-8480-C25DA787D9AA}
		{D430311D-033D-41EA-85A7-1149CF19E88A} = {58D353B3-9905-4AED-ADC1-34B96997EF7F}
		{C901A763-1A70-4C90-9C6C-BA5A31F22C79} = {58D353B3-9905-4AED-ADC1-34B96997EF7F}
		{AE190E58-BA40-4130-B380-B119B00E9C1D} = {58D353B3-9905-4AED-ADC1-34B96997EF7F}
	EndGlobalSection
	GlobalSection(ExtensibilityGlobals) = postSolution
		SolutionGuid = {4664B8E9-81FE-4419-B89D-1489E881692C}
	EndGlobalSection
EndGlobal
